// !$*UTF8*$!
{
	archiveVersion = 1;
	classes = {
	};
	objectVersion = 46;
	objects = {

/* Begin PBXFileReference section */
		0E641BF51932970700F528EF /* init.c */ = {isa = PBXFileReference; fileEncoding = 4; lastKnownFileType = sourcecode.c.c; path = init.c; sourceTree = "<group>"; };
		0E641BF61932970700F528EF /* linbin.f */ = {isa = PBXFileReference; fileEncoding = 4; lastKnownFileType = sourcecode.fortran; path = linbin.f; sourceTree = "<group>"; };
		0E641BF71932970700F528EF /* linbin2D.f */ = {isa = PBXFileReference; fileEncoding = 4; lastKnownFileType = sourcecode.fortran; path = linbin2D.f; sourceTree = "<group>"; };
		0E641BF81932970700F528EF /* Makevars */ = {isa = PBXFileReference; fileEncoding = 4; lastKnownFileType = text; path = Makevars; sourceTree = "<group>"; };
		0E6860CC193013DC00BE95DE /* contour.discretize.kernel.q */ = {isa = PBXFileReference; fileEncoding = 4; lastKnownFileType = text; name = contour.discretize.kernel.q; path = R/contour.discretize.kernel.q; sourceTree = "<group>"; };
		0E6860CD193013DC00BE95DE /* image.discretize.kernel.q */ = {isa = PBXFileReference; fileEncoding = 4; lastKnownFileType = text; name = image.discretize.kernel.q; path = R/image.discretize.kernel.q; sourceTree = "<group>"; };
		0E6860CE1930167500BE95DE /* image.mvlinbin.q */ = {isa = PBXFileReference; fileEncoding = 4; lastKnownFileType = text; name = image.mvlinbin.q; path = R/image.mvlinbin.q; sourceTree = "<group>"; };
		0EADCD101545C1BF00D38640 /* DESCRIPTION */ = {isa = PBXFileReference; lastKnownFileType = text; path = DESCRIPTION; sourceTree = "<group>"; };
		0EBB51A419329B1F008A994A /* bpkde.R */ = {isa = PBXFileReference; fileEncoding = 4; lastKnownFileType = sourcecode.rez; name = bpkde.R; path = tests/bpkde.R; sourceTree = "<group>"; };
		0EBB51A519329B1F008A994A /* linbin.R */ = {isa = PBXFileReference; fileEncoding = 4; lastKnownFileType = sourcecode.rez; name = linbin.R; path = tests/linbin.R; sourceTree = "<group>"; };
		0EBB51A71932A17E008A994A /* KernSmooth.q */ = {isa = PBXFileReference; fileEncoding = 4; lastKnownFileType = text; name = KernSmooth.q; path = R/KernSmooth.q; sourceTree = "<group>"; };
		0EC0C02D16AF58AC004A7926 /* .Rbuildignore */ = {isa = PBXFileReference; fileEncoding = 4; lastKnownFileType = text; path = .Rbuildignore; sourceTree = "<group>"; };
		0EC0C04216AF5AF7004A7926 /* Bimodal1.RData */ = {isa = PBXFileReference; lastKnownFileType = file; name = Bimodal1.RData; path = data/Bimodal1.RData; sourceTree = "<group>"; };
		0EC0C04316AF5AF7004A7926 /* Bimodal2.RData */ = {isa = PBXFileReference; lastKnownFileType = file; name = Bimodal2.RData; path = data/Bimodal2.RData; sourceTree = "<group>"; };
		0EC0C04416AF5AF7004A7926 /* Bimodal3.RData */ = {isa = PBXFileReference; lastKnownFileType = file; name = Bimodal3.RData; path = data/Bimodal3.RData; sourceTree = "<group>"; };
		0EC0C04516AF5AF7004A7926 /* Bimodal4.RData */ = {isa = PBXFileReference; lastKnownFileType = file; name = Bimodal4.RData; path = data/Bimodal4.RData; sourceTree = "<group>"; };
		0EC0C04616AF5AF7004A7926 /* Correlated.Normal.RData */ = {isa = PBXFileReference; lastKnownFileType = file; name = Correlated.Normal.RData; path = data/Correlated.Normal.RData; sourceTree = "<group>"; };
		0EC0C04716AF5AF7004A7926 /* Kurtotic.RData */ = {isa = PBXFileReference; lastKnownFileType = file; name = Kurtotic.RData; path = data/Kurtotic.RData; sourceTree = "<group>"; };
		0EC0C04816AF5AF7004A7926 /* Quadrimodal.RData */ = {isa = PBXFileReference; lastKnownFileType = file; name = Quadrimodal.RData; path = data/Quadrimodal.RData; sourceTree = "<group>"; };
		0EC0C04916AF5AF7004A7926 /* Skewed.RData */ = {isa = PBXFileReference; lastKnownFileType = file; name = Skewed.RData; path = data/Skewed.RData; sourceTree = "<group>"; };
		0EC0C04A16AF5AF7004A7926 /* Trimodal1.RData */ = {isa = PBXFileReference; lastKnownFileType = file; name = Trimodal1.RData; path = data/Trimodal1.RData; sourceTree = "<group>"; };
		0EC0C04B16AF5AF7004A7926 /* Trimodal2.RData */ = {isa = PBXFileReference; lastKnownFileType = file; name = Trimodal2.RData; path = data/Trimodal2.RData; sourceTree = "<group>"; };
		0EC0C04C16AF5AF7004A7926 /* Trimodal3.RData */ = {isa = PBXFileReference; lastKnownFileType = file; name = Trimodal3.RData; path = data/Trimodal3.RData; sourceTree = "<group>"; };
		0EC0C04D16AF5AF7004A7926 /* Uncorrelated.Normal.RData */ = {isa = PBXFileReference; lastKnownFileType = file; name = Uncorrelated.Normal.RData; path = data/Uncorrelated.Normal.RData; sourceTree = "<group>"; };
		0EC0C04E16AF5B06004A7926 /* bp.support.q */ = {isa = PBXFileReference; lastKnownFileType = text; name = bp.support.q; path = R/bp.support.q; sourceTree = "<group>"; };
		0EC0C04F16AF5B06004A7926 /* bpk.q */ = {isa = PBXFileReference; lastKnownFileType = text; name = bpk.q; path = R/bpk.q; sourceTree = "<group>"; };
		0EC0C05016AF5B06004A7926 /* bpkde.q */ = {isa = PBXFileReference; lastKnownFileType = text; name = bpkde.q; path = R/bpkde.q; sourceTree = "<group>"; };
		0EC0C05116AF5B06004A7926 /* discretize.kernel.q */ = {isa = PBXFileReference; lastKnownFileType = text; name = discretize.kernel.q; path = R/discretize.kernel.q; sourceTree = "<group>"; };
		0EC0C05216AF5B06004A7926 /* kernels.q */ = {isa = PBXFileReference; lastKnownFileType = text; name = kernels.q; path = R/kernels.q; sourceTree = "<group>"; };
		0EC0C05316AF5B06004A7926 /* M0.q */ = {isa = PBXFileReference; lastKnownFileType = text; name = M0.q; path = R/M0.q; sourceTree = "<group>"; };
		0EC0C05416AF5B06004A7926 /* M1.q */ = {isa = PBXFileReference; lastKnownFileType = text; name = M1.q; path = R/M1.q; sourceTree = "<group>"; };
		0EC0C05616AF5B06004A7926 /* mvlinbin.q */ = {isa = PBXFileReference; lastKnownFileType = text; name = mvlinbin.q; path = R/mvlinbin.q; sourceTree = "<group>"; };
		0EC0C05716AF5B06004A7926 /* plot.discretize.kernel.q */ = {isa = PBXFileReference; lastKnownFileType = text; name = plot.discretize.kernel.q; path = R/plot.discretize.kernel.q; sourceTree = "<group>"; };
		0EC0C05816AF5B06004A7926 /* plot.mvkde.q */ = {isa = PBXFileReference; lastKnownFileType = text; name = plot.mvkde.q; path = R/plot.mvkde.q; sourceTree = "<group>"; };
		0EC0C05916AF5B06004A7926 /* plot.mvlinbin.q */ = {isa = PBXFileReference; lastKnownFileType = text; name = plot.mvlinbin.q; path = R/plot.mvlinbin.q; sourceTree = "<group>"; };
		0EC0C05A16AF5B06004A7926 /* print.mvkde.q */ = {isa = PBXFileReference; lastKnownFileType = text; name = print.mvkde.q; path = R/print.mvkde.q; sourceTree = "<group>"; };
		0EC0C05B16AF5B06004A7926 /* print.summary.mvkde.q */ = {isa = PBXFileReference; lastKnownFileType = text; name = print.summary.mvkde.q; path = R/print.summary.mvkde.q; sourceTree = "<group>"; };
		0EC0C05C16AF5B06004A7926 /* summary.mvkde.q */ = {isa = PBXFileReference; lastKnownFileType = text; name = summary.mvkde.q; path = R/summary.mvkde.q; sourceTree = "<group>"; };
		0EC0C05D16AF5B13004A7926 /* wj.r */ = {isa = PBXFileReference; lastKnownFileType = sourcecode.rez; name = wj.r; path = inst/scripts/wj.r; sourceTree = "<group>"; };
		0EC0C05F16AF5B20004A7926 /* bpk.Rd */ = {isa = PBXFileReference; lastKnownFileType = text; name = bpk.Rd; path = man/bpk.Rd; sourceTree = "<group>"; };
		0EC0C06016AF5B20004A7926 /* bpkde.Rd */ = {isa = PBXFileReference; lastKnownFileType = text; name = bpkde.Rd; path = man/bpkde.Rd; sourceTree = "<group>"; };
		0EC0C06116AF5B20004A7926 /* discretize.kernel.Rd */ = {isa = PBXFileReference; lastKnownFileType = text; name = discretize.kernel.Rd; path = man/discretize.kernel.Rd; sourceTree = "<group>"; };
		0EC0C06216AF5B20004A7926 /* kernels.Rd */ = {isa = PBXFileReference; lastKnownFileType = text; name = kernels.Rd; path = man/kernels.Rd; sourceTree = "<group>"; };
		0EC0C06316AF5B20004A7926 /* M0.Rd */ = {isa = PBXFileReference; lastKnownFileType = text; name = M0.Rd; path = man/M0.Rd; sourceTree = "<group>"; };
		0EC0C06416AF5B20004A7926 /* M1.Rd */ = {isa = PBXFileReference; lastKnownFileType = text; name = M1.Rd; path = man/M1.Rd; sourceTree = "<group>"; };
		0EC0C06716AF5B20004A7926 /* mvlinbin.Rd */ = {isa = PBXFileReference; lastKnownFileType = text; name = mvlinbin.Rd; path = man/mvlinbin.Rd; sourceTree = "<group>"; };
		0EC0C06B16AF5B20004A7926 /* WandJones.Rd */ = {isa = PBXFileReference; lastKnownFileType = text; name = WandJones.Rd; path = man/WandJones.Rd; sourceTree = "<group>"; };
		0EDC20E4156C59B400A5739E /* NAMESPACE */ = {isa = PBXFileReference; fileEncoding = 4; lastKnownFileType = text; path = NAMESPACE; sourceTree = SOURCE_ROOT; };
		0EEAF3AA192D6983009A4812 /* contour.mvkde.q */ = {isa = PBXFileReference; fileEncoding = 4; lastKnownFileType = text; name = contour.mvkde.q; path = R/contour.mvkde.q; sourceTree = "<group>"; };
		0EEAF3AB192D6A68009A4812 /* image.mvkde.q */ = {isa = PBXFileReference; fileEncoding = 4; lastKnownFileType = text; name = image.mvkde.q; path = R/image.mvkde.q; sourceTree = "<group>"; };
/* End PBXFileReference section */

/* Begin PBXGroup section */
		0E641BF41932970700F528EF /* src */ = {
			isa = PBXGroup;
			children = (
				0E641BF51932970700F528EF /* init.c */,
				0E641BF61932970700F528EF /* linbin.f */,
				0E641BF71932970700F528EF /* linbin2D.f */,
				0E641BF81932970700F528EF /* Makevars */,
			);
			path = src;
			sourceTree = "<group>";
		};
		0EADCCFF1545BF1500D38640 = {
			isa = PBXGroup;
			children = (
				0EADCD101545C1BF00D38640 /* DESCRIPTION */,
				0EDC20E4156C59B400A5739E /* NAMESPACE */,
				0EC0C02D16AF58AC004A7926 /* .Rbuildignore */,
				0EC0C04016AF5ABF004A7926 /* R */,
				0EC0C03F16AF5AB8004A7926 /* data */,
				0EC0C03E16AF5AA7004A7926 /* inst */,
				0EC0C03D16AF5A9D004A7926 /* man */,
				0E641BF41932970700F528EF /* src */,
				0EBB51A619329B28008A994A /* tests */,
			);
			sourceTree = "<group>";
		};
		0EBB51A619329B28008A994A /* tests */ = {
			isa = PBXGroup;
			children = (
				0EBB51A419329B1F008A994A /* bpkde.R */,
				0EBB51A519329B1F008A994A /* linbin.R */,
			);
			name = tests;
			sourceTree = "<group>";
		};
		0EC0C03D16AF5A9D004A7926 /* man */ = {
			isa = PBXGroup;
			children = (
				0EC0C05F16AF5B20004A7926 /* bpk.Rd */,
				0EC0C06016AF5B20004A7926 /* bpkde.Rd */,
				0EC0C06116AF5B20004A7926 /* discretize.kernel.Rd */,
				0EC0C06216AF5B20004A7926 /* kernels.Rd */,
				0EC0C06316AF5B20004A7926 /* M0.Rd */,
				0EC0C06416AF5B20004A7926 /* M1.Rd */,
				0EC0C06716AF5B20004A7926 /* mvlinbin.Rd */,
				0EC0C06B16AF5B20004A7926 /* WandJones.Rd */,
			);
			name = man;
			sourceTree = "<group>";
		};
		0EC0C03E16AF5AA7004A7926 /* inst */ = {
			isa = PBXGroup;
			children = (
				0EC0C04116AF5ACF004A7926 /* scripts */,
			);
			name = inst;
			sourceTree = "<group>";
		};
		0EC0C03F16AF5AB8004A7926 /* data */ = {
			isa = PBXGroup;
			children = (
				0EC0C04216AF5AF7004A7926 /* Bimodal1.RData */,
				0EC0C04316AF5AF7004A7926 /* Bimodal2.RData */,
				0EC0C04416AF5AF7004A7926 /* Bimodal3.RData */,
				0EC0C04516AF5AF7004A7926 /* Bimodal4.RData */,
				0EC0C04616AF5AF7004A7926 /* Correlated.Normal.RData */,
				0EC0C04716AF5AF7004A7926 /* Kurtotic.RData */,
				0EC0C04816AF5AF7004A7926 /* Quadrimodal.RData */,
				0EC0C04916AF5AF7004A7926 /* Skewed.RData */,
				0EC0C04A16AF5AF7004A7926 /* Trimodal1.RData */,
				0EC0C04B16AF5AF7004A7926 /* Trimodal2.RData */,
				0EC0C04C16AF5AF7004A7926 /* Trimodal3.RData */,
				0EC0C04D16AF5AF7004A7926 /* Uncorrelated.Normal.RData */,
			);
			name = data;
			sourceTree = "<group>";
		};
		0EC0C04016AF5ABF004A7926 /* R */ = {
			isa = PBXGroup;
			children = (
				0EC0C04E16AF5B06004A7926 /* bp.support.q */,
				0EC0C04F16AF5B06004A7926 /* bpk.q */,
				0EC0C05016AF5B06004A7926 /* bpkde.q */,
				0E6860CC193013DC00BE95DE /* contour.discretize.kernel.q */,
				0EEAF3AA192D6983009A4812 /* contour.mvkde.q */,
				0EC0C05116AF5B06004A7926 /* discretize.kernel.q */,
				0E6860CD193013DC00BE95DE /* image.discretize.kernel.q */,
				0EEAF3AB192D6A68009A4812 /* image.mvkde.q */,
				0E6860CE1930167500BE95DE /* image.mvlinbin.q */,
				0EC0C05216AF5B06004A7926 /* kernels.q */,
				0EC0C05316AF5B06004A7926 /* M0.q */,
				0EC0C05416AF5B06004A7926 /* M1.q */,
				0EC0C05616AF5B06004A7926 /* mvlinbin.q */,
				0EC0C05716AF5B06004A7926 /* plot.discretize.kernel.q */,
				0EC0C05816AF5B06004A7926 /* plot.mvkde.q */,
				0EC0C05916AF5B06004A7926 /* plot.mvlinbin.q */,
				0EC0C05A16AF5B06004A7926 /* print.mvkde.q */,
				0EC0C05B16AF5B06004A7926 /* print.summary.mvkde.q */,
				0EC0C05C16AF5B06004A7926 /* summary.mvkde.q */,
				0EBB51A71932A17E008A994A /* KernSmooth.q */,
			);
			name = R;
			sourceTree = "<group>";
		};
		0EC0C04116AF5ACF004A7926 /* scripts */ = {
			isa = PBXGroup;
			children = (
				0EC0C05D16AF5B13004A7926 /* wj.r */,
			);
			name = scripts;
			sourceTree = "<group>";
		};
/* End PBXGroup section */

/* Begin PBXLegacyTarget section */
		0EADCD061545BF1500D38640 /* bpkde */ = {
			isa = PBXLegacyTarget;
			buildArgumentsString = "$(ACTION)";
			buildConfigurationList = 0EADCD091545BF1500D38640 /* Build configuration list for PBXLegacyTarget "bpkde" */;
			buildPhases = (
			);
			buildToolPath = R;
			dependencies = (
			);
			name = bpkde;
			passBuildSettingsInEnvironment = 1;
			productName = bpkde;
		};
/* End PBXLegacyTarget section */

/* Begin PBXProject section */
		0EADCD011545BF1500D38640 /* Project object */ = {
			isa = PBXProject;
			attributes = {
				LastUpgradeCheck = 0430;
			};
			buildConfigurationList = 0EADCD041545BF1500D38640 /* Build configuration list for PBXProject "bpkde" */;
			compatibilityVersion = "Xcode 3.2";
			developmentRegion = English;
			hasScannedForEncodings = 0;
			knownRegions = (
				en,
			);
			mainGroup = 0EADCCFF1545BF1500D38640;
			projectDirPath = "";
			projectRoot = "";
			targets = (
				0EADCD061545BF1500D38640 /* bpkde */,
			);
		};
/* End PBXProject section */

/* Begin XCBuildConfiguration section */
		0EADCD071545BF1500D38640 /* Debug */ = {
			isa = XCBuildConfiguration;
			buildSettings = {
				ALWAYS_SEARCH_USER_PATHS = NO;
				ARCHS = "$(ARCHS_STANDARD_64_BIT)";
				COPY_PHASE_STRIP = NO;
				GCC_C_LANGUAGE_STANDARD = gnu99;
				GCC_DYNAMIC_NO_PIC = NO;
				GCC_ENABLE_OBJC_EXCEPTIONS = YES;
				GCC_OPTIMIZATION_LEVEL = 0;
				GCC_PREPROCESSOR_DEFINITIONS = (
					"DEBUG=1",
					"$(inherited)",
				);
				GCC_SYMBOLS_PRIVATE_EXTERN = NO;
				GCC_VERSION = com.apple.compilers.llvm.clang.1_0;
				GCC_WARN_64_TO_32_BIT_CONVERSION = YES;
				GCC_WARN_ABOUT_RETURN_TYPE = YES;
				GCC_WARN_UNINITIALIZED_AUTOS = YES;
				GCC_WARN_UNUSED_VARIABLE = YES;
				MACOSX_DEPLOYMENT_TARGET = 10.7;
				ONLY_ACTIVE_ARCH = YES;
				SDKROOT = macosx;
			};
			name = Debug;
		};
		0EADCD081545BF1500D38640 /* Release */ = {
			isa = XCBuildConfiguration;
			buildSettings = {
				ALWAYS_SEARCH_USER_PATHS = NO;
				ARCHS = "$(ARCHS_STANDARD_64_BIT)";
				COPY_PHASE_STRIP = YES;
				DEBUG_INFORMATION_FORMAT = "dwarf-with-dsym";
				GCC_C_LANGUAGE_STANDARD = gnu99;
				GCC_ENABLE_OBJC_EXCEPTIONS = YES;
				GCC_VERSION = com.apple.compilers.llvm.clang.1_0;
				GCC_WARN_64_TO_32_BIT_CONVERSION = YES;
				GCC_WARN_ABOUT_RETURN_TYPE = YES;
				GCC_WARN_UNINITIALIZED_AUTOS = YES;
				GCC_WARN_UNUSED_VARIABLE = YES;
				MACOSX_DEPLOYMENT_TARGET = 10.7;
				SDKROOT = macosx;
			};
			name = Release;
		};
		0EADCD0A1545BF1500D38640 /* Debug */ = {
			isa = XCBuildConfiguration;
			buildSettings = {
				DEBUGGING_SYMBOLS = YES;
				GCC_GENERATE_DEBUGGING_SYMBOLS = YES;
				GCC_OPTIMIZATION_LEVEL = 0;
				OTHER_CFLAGS = "";
				OTHER_LDFLAGS = "";
				PRODUCT_NAME = "$(TARGET_NAME)";
			};
			name = Debug;
		};
		0EADCD0B1545BF1500D38640 /* Release */ = {
			isa = XCBuildConfiguration;
			buildSettings = {
				OTHER_CFLAGS = "";
				OTHER_LDFLAGS = "";
				PRODUCT_NAME = "$(TARGET_NAME)";
			};
			name = Release;
		};
/* End XCBuildConfiguration section */

/* Begin XCConfigurationList section */
		0EADCD041545BF1500D38640 /* Build configuration list for PBXProject "bpkde" */ = {
			isa = XCConfigurationList;
			buildConfigurations = (
				0EADCD071545BF1500D38640 /* Debug */,
				0EADCD081545BF1500D38640 /* Release */,
			);
			defaultConfigurationIsVisible = 0;
			defaultConfigurationName = Release;
		};
		0EADCD091545BF1500D38640 /* Build configuration list for PBXLegacyTarget "bpkde" */ = {
			isa = XCConfigurationList;
			buildConfigurations = (
				0EADCD0A1545BF1500D38640 /* Debug */,
				0EADCD0B1545BF1500D38640 /* Release */,
			);
			defaultConfigurationIsVisible = 0;
			defaultConfigurationName = Release;
		};
/* End XCConfigurationList section */
	};
	rootObject = 0EADCD011545BF1500D38640 /* Project object */;
}
